// !$*UTF8*$!
{
	archiveVersion = 1;
	classes = {
	};
	objectVersion = 50;
	objects = {

/* Begin PBXBuildFile section */
		660859D220DFD7A900C55988 /* Images.swift in Sources */ = {isa = PBXBuildFile; fileRef = 660859D120DFD7A900C55988 /* Images.swift */; };
		66FB906820DFA7DC003000F3 /* AppDelegate.swift in Sources */ = {isa = PBXBuildFile; fileRef = 66FB906720DFA7DC003000F3 /* AppDelegate.swift */; };
		66FB906A20DFA7DC003000F3 /* PlaygroundViewController.swift in Sources */ = {isa = PBXBuildFile; fileRef = 66FB906920DFA7DC003000F3 /* PlaygroundViewController.swift */; };
		66FB906D20DFA7DC003000F3 /* Main.storyboard in Resources */ = {isa = PBXBuildFile; fileRef = 66FB906B20DFA7DC003000F3 /* Main.storyboard */; };
		66FB906F20DFA7DC003000F3 /* Assets.xcassets in Resources */ = {isa = PBXBuildFile; fileRef = 66FB906E20DFA7DC003000F3 /* Assets.xcassets */; };
		66FB907220DFA7DC003000F3 /* LaunchScreen.storyboard in Resources */ = {isa = PBXBuildFile; fileRef = 66FB907020DFA7DC003000F3 /* LaunchScreen.storyboard */; };
		66FB907B20DFAE1E003000F3 /* String.swift in Sources */ = {isa = PBXBuildFile; fileRef = 66FB907A20DFAE1E003000F3 /* String.swift */; };
/* End PBXBuildFile section */

/* Begin PBXFileReference section */
		660859D120DFD7A900C55988 /* Images.swift */ = {isa = PBXFileReference; fileEncoding = 4; lastKnownFileType = sourcecode.swift; path = Images.swift; sourceTree = "<group>"; };
		66FB906420DFA7DC003000F3 /* RustPlayground.app */ = {isa = PBXFileReference; explicitFileType = wrapper.application; includeInIndex = 0; path = RustPlayground.app; sourceTree = BUILT_PRODUCTS_DIR; };
		66FB906720DFA7DC003000F3 /* AppDelegate.swift */ = {isa = PBXFileReference; lastKnownFileType = sourcecode.swift; path = AppDelegate.swift; sourceTree = "<group>"; };
		66FB906920DFA7DC003000F3 /* PlaygroundViewController.swift */ = {isa = PBXFileReference; lastKnownFileType = sourcecode.swift; path = PlaygroundViewController.swift; sourceTree = "<group>"; };
		66FB906C20DFA7DC003000F3 /* Base */ = {isa = PBXFileReference; lastKnownFileType = file.storyboard; name = Base; path = Base.lproj/Main.storyboard; sourceTree = "<group>"; };
		66FB906E20DFA7DC003000F3 /* Assets.xcassets */ = {isa = PBXFileReference; lastKnownFileType = folder.assetcatalog; path = Assets.xcassets; sourceTree = "<group>"; };
		66FB907120DFA7DC003000F3 /* Base */ = {isa = PBXFileReference; lastKnownFileType = file.storyboard; name = Base; path = Base.lproj/LaunchScreen.storyboard; sourceTree = "<group>"; };
		66FB907320DFA7DC003000F3 /* Info.plist */ = {isa = PBXFileReference; lastKnownFileType = text.plist.xml; path = Info.plist; sourceTree = "<group>"; };
		66FB907A20DFAE1E003000F3 /* String.swift */ = {isa = PBXFileReference; lastKnownFileType = sourcecode.swift; path = String.swift; sourceTree = "<group>"; };
		66FB907F20DFB02C003000F3 /* rust_playground.h */ = {isa = PBXFileReference; lastKnownFileType = sourcecode.c.h; name = rust_playground.h; path = ../rust/include/rust_playground.h; sourceTree = "<group>"; };
		66FB908020DFB042003000F3 /* RustPlayground-Bridging-Header.h */ = {isa = PBXFileReference; lastKnownFileType = sourcecode.c.h; path = "RustPlayground-Bridging-Header.h"; sourceTree = "<group>"; };
/* End PBXFileReference section */

/* Begin PBXFrameworksBuildPhase section */
		66FB906120DFA7DC003000F3 /* Frameworks */ = {
			isa = PBXFrameworksBuildPhase;
			buildActionMask = 2147483647;
			files = (
			);
			runOnlyForDeploymentPostprocessing = 0;
		};
/* End PBXFrameworksBuildPhase section */

/* Begin PBXGroup section */
		660859D020DFD7A900C55988 /* Common */ = {
			isa = PBXGroup;
			children = (
				660859D120DFD7A900C55988 /* Images.swift */,
			);
			path = Common;
			sourceTree = "<group>";
		};
		66FB905B20DFA7DC003000F3 = {
			isa = PBXGroup;
			children = (
				66FB907F20DFB02C003000F3 /* rust_playground.h */,
				66FB906620DFA7DC003000F3 /* RustPlayground */,
				66FB906520DFA7DC003000F3 /* Products */,
				66FB907C20DFAED2003000F3 /* Frameworks */,
			);
			sourceTree = "<group>";
		};
		66FB906520DFA7DC003000F3 /* Products */ = {
			isa = PBXGroup;
			children = (
				66FB906420DFA7DC003000F3 /* RustPlayground.app */,
			);
			name = Products;
			sourceTree = "<group>";
		};
		66FB906620DFA7DC003000F3 /* RustPlayground */ = {
			isa = PBXGroup;
			children = (
				66FB906720DFA7DC003000F3 /* AppDelegate.swift */,
				660859D020DFD7A900C55988 /* Common */,
				66FB910B20DFB4EC003000F3 /* Controllers */,
				66FB907920DFAE14003000F3 /* FFI */,
				66FB910D20DFB503003000F3 /* Resources */,
				66FB910C20DFB4F5003000F3 /* Storyboards */,
			);
			path = RustPlayground;
			sourceTree = "<group>";
		};
		66FB907920DFAE14003000F3 /* FFI */ = {
			isa = PBXGroup;
			children = (
				66FB907A20DFAE1E003000F3 /* String.swift */,
			);
			path = FFI;
			sourceTree = "<group>";
		};
		66FB907C20DFAED2003000F3 /* Frameworks */ = {
			isa = PBXGroup;
			children = (
			);
			name = Frameworks;
			sourceTree = "<group>";
		};
		66FB910B20DFB4EC003000F3 /* Controllers */ = {
			isa = PBXGroup;
			children = (
				66FB906920DFA7DC003000F3 /* PlaygroundViewController.swift */,
			);
			path = Controllers;
			sourceTree = "<group>";
		};
		66FB910C20DFB4F5003000F3 /* Storyboards */ = {
			isa = PBXGroup;
			children = (
				66FB906B20DFA7DC003000F3 /* Main.storyboard */,
				66FB907020DFA7DC003000F3 /* LaunchScreen.storyboard */,
			);
			path = Storyboards;
			sourceTree = "<group>";
		};
		66FB910D20DFB503003000F3 /* Resources */ = {
			isa = PBXGroup;
			children = (
				66FB906E20DFA7DC003000F3 /* Assets.xcassets */,
				66FB907320DFA7DC003000F3 /* Info.plist */,
				66FB908020DFB042003000F3 /* RustPlayground-Bridging-Header.h */,
			);
			path = Resources;
			sourceTree = "<group>";
		};
/* End PBXGroup section */

/* Begin PBXNativeTarget section */
		66FB906320DFA7DC003000F3 /* RustPlayground */ = {
			isa = PBXNativeTarget;
			buildConfigurationList = 66FB907620DFA7DC003000F3 /* Build configuration list for PBXNativeTarget "RustPlayground" */;
			buildPhases = (
				66FB908120DFB2FA003000F3 /* Build Rust Libraries */,
				66FB906020DFA7DC003000F3 /* Sources */,
				66FB906120DFA7DC003000F3 /* Frameworks */,
				66FB906220DFA7DC003000F3 /* Resources */,
			);
			buildRules = (
			);
			dependencies = (
			);
			name = RustPlayground;
			productName = RustPlayground;
			productReference = 66FB906420DFA7DC003000F3 /* RustPlayground.app */;
			productType = "com.apple.product-type.application";
		};
/* End PBXNativeTarget section */

/* Begin PBXProject section */
		66FB905C20DFA7DC003000F3 /* Project object */ = {
			isa = PBXProject;
			attributes = {
				LastSwiftUpdateCheck = 1000;
				LastUpgradeCheck = 1000;
				ORGANIZATIONNAME = SkyApps;
				TargetAttributes = {
					66FB906320DFA7DC003000F3 = {
						CreatedOnToolsVersion = 10.0;
					};
				};
			};
			buildConfigurationList = 66FB905F20DFA7DC003000F3 /* Build configuration list for PBXProject "RustPlayground" */;
			compatibilityVersion = "Xcode 9.3";
			developmentRegion = en;
			hasScannedForEncodings = 0;
			knownRegions = (
				en,
				Base,
			);
			mainGroup = 66FB905B20DFA7DC003000F3;
			productRefGroup = 66FB906520DFA7DC003000F3 /* Products */;
			projectDirPath = "";
			projectRoot = "";
			targets = (
				66FB906320DFA7DC003000F3 /* RustPlayground */,
			);
		};
/* End PBXProject section */

/* Begin PBXResourcesBuildPhase section */
		66FB906220DFA7DC003000F3 /* Resources */ = {
			isa = PBXResourcesBuildPhase;
			buildActionMask = 2147483647;
			files = (
				66FB907220DFA7DC003000F3 /* LaunchScreen.storyboard in Resources */,
				66FB906F20DFA7DC003000F3 /* Assets.xcassets in Resources */,
				66FB906D20DFA7DC003000F3 /* Main.storyboard in Resources */,
			);
			runOnlyForDeploymentPostprocessing = 0;
		};
/* End PBXResourcesBuildPhase section */

/* Begin PBXShellScriptBuildPhase section */
		66FB908120DFB2FA003000F3 /* Build Rust Libraries */ = {
			isa = PBXShellScriptBuildPhase;
			buildActionMask = 2147483647;
			files = (
			);
			inputFileListPaths = (
			);
			inputPaths = (
			);
			name = "Build Rust Libraries";
			outputFileListPaths = (
			);
			outputPaths = (
			);
			runOnlyForDeploymentPostprocessing = 0;
			shellPath = /bin/sh;
			shellScript = "$PROJECT_DIR/Scripts/build-rust-dependencies.sh\n";
			showEnvVarsInLog = 0;
		};
/* End PBXShellScriptBuildPhase section */

/* Begin PBXSourcesBuildPhase section */
		66FB906020DFA7DC003000F3 /* Sources */ = {
			isa = PBXSourcesBuildPhase;
			buildActionMask = 2147483647;
			files = (
				66FB907B20DFAE1E003000F3 /* String.swift in Sources */,
				660859D220DFD7A900C55988 /* Images.swift in Sources */,
				66FB906A20DFA7DC003000F3 /* PlaygroundViewController.swift in Sources */,
				66FB906820DFA7DC003000F3 /* AppDelegate.swift in Sources */,
			);
			runOnlyForDeploymentPostprocessing = 0;
		};
/* End PBXSourcesBuildPhase section */

/* Begin PBXVariantGroup section */
		66FB906B20DFA7DC003000F3 /* Main.storyboard */ = {
			isa = PBXVariantGroup;
			children = (
				66FB906C20DFA7DC003000F3 /* Base */,
			);
			name = Main.storyboard;
			sourceTree = "<group>";
		};
		66FB907020DFA7DC003000F3 /* LaunchScreen.storyboard */ = {
			isa = PBXVariantGroup;
			children = (
				66FB907120DFA7DC003000F3 /* Base */,
			);
			name = LaunchScreen.storyboard;
			sourceTree = "<group>";
		};
/* End PBXVariantGroup section */

/* Begin XCBuildConfiguration section */
		66FB907420DFA7DC003000F3 /* Debug */ = {
			isa = XCBuildConfiguration;
			buildSettings = {
				ALWAYS_SEARCH_USER_PATHS = NO;
				CLANG_ANALYZER_NONNULL = YES;
				CLANG_ANALYZER_NUMBER_OBJECT_CONVERSION = YES_AGGRESSIVE;
				CLANG_CXX_LANGUAGE_STANDARD = "gnu++14";
				CLANG_CXX_LIBRARY = "libc++";
				CLANG_ENABLE_MODULES = YES;
				CLANG_ENABLE_OBJC_ARC = YES;
				CLANG_ENABLE_OBJC_WEAK = YES;
				CLANG_WARN_BLOCK_CAPTURE_AUTORELEASING = YES;
				CLANG_WARN_BOOL_CONVERSION = YES;
				CLANG_WARN_COMMA = YES;
				CLANG_WARN_CONSTANT_CONVERSION = YES;
				CLANG_WARN_DEPRECATED_OBJC_IMPLEMENTATIONS = YES;
				CLANG_WARN_DIRECT_OBJC_ISA_USAGE = YES_ERROR;
				CLANG_WARN_DOCUMENTATION_COMMENTS = YES;
				CLANG_WARN_EMPTY_BODY = YES;
				CLANG_WARN_ENUM_CONVERSION = YES;
				CLANG_WARN_INFINITE_RECURSION = YES;
				CLANG_WARN_INT_CONVERSION = YES;
				CLANG_WARN_NON_LITERAL_NULL_CONVERSION = YES;
				CLANG_WARN_OBJC_IMPLICIT_RETAIN_SELF = YES;
				CLANG_WARN_OBJC_LITERAL_CONVERSION = YES;
				CLANG_WARN_OBJC_ROOT_CLASS = YES_ERROR;
				CLANG_WARN_RANGE_LOOP_ANALYSIS = YES;
				CLANG_WARN_STRICT_PROTOTYPES = YES;
				CLANG_WARN_SUSPICIOUS_MOVE = YES;
				CLANG_WARN_UNGUARDED_AVAILABILITY = YES_AGGRESSIVE;
				CLANG_WARN_UNREACHABLE_CODE = YES;
				CLANG_WARN__DUPLICATE_METHOD_MATCH = YES;
				CODE_SIGN_IDENTITY = "iPhone Developer";
				COPY_PHASE_STRIP = NO;
				DEBUG_INFORMATION_FORMAT = dwarf;
				ENABLE_STRICT_OBJC_MSGSEND = YES;
				ENABLE_TESTABILITY = YES;
				GCC_C_LANGUAGE_STANDARD = gnu11;
				GCC_DYNAMIC_NO_PIC = NO;
				GCC_NO_COMMON_BLOCKS = YES;
				GCC_OPTIMIZATION_LEVEL = 0;
				GCC_PREPROCESSOR_DEFINITIONS = (
					"DEBUG=1",
					"$(inherited)",
				);
				GCC_WARN_64_TO_32_BIT_CONVERSION = YES;
				GCC_WARN_ABOUT_RETURN_TYPE = YES_ERROR;
				GCC_WARN_UNDECLARED_SELECTOR = YES;
				GCC_WARN_UNINITIALIZED_AUTOS = YES_AGGRESSIVE;
				GCC_WARN_UNUSED_FUNCTION = YES;
				GCC_WARN_UNUSED_VARIABLE = YES;
				IPHONEOS_DEPLOYMENT_TARGET = 12.0;
				MTL_ENABLE_DEBUG_INFO = INCLUDE_SOURCE;
				ONLY_ACTIVE_ARCH = YES;
				SDKROOT = iphoneos;
				SWIFT_ACTIVE_COMPILATION_CONDITIONS = DEBUG;
				SWIFT_OPTIMIZATION_LEVEL = "-Onone";
			};
			name = Debug;
		};
		66FB907520DFA7DC003000F3 /* Release */ = {
			isa = XCBuildConfiguration;
			buildSettings = {
				ALWAYS_SEARCH_USER_PATHS = NO;
				CLANG_ANALYZER_NONNULL = YES;
				CLANG_ANALYZER_NUMBER_OBJECT_CONVERSION = YES_AGGRESSIVE;
				CLANG_CXX_LANGUAGE_STANDARD = "gnu++14";
				CLANG_CXX_LIBRARY = "libc++";
				CLANG_ENABLE_MODULES = YES;
				CLANG_ENABLE_OBJC_ARC = YES;
				CLANG_ENABLE_OBJC_WEAK = YES;
				CLANG_WARN_BLOCK_CAPTURE_AUTORELEASING = YES;
				CLANG_WARN_BOOL_CONVERSION = YES;
				CLANG_WARN_COMMA = YES;
				CLANG_WARN_CONSTANT_CONVERSION = YES;
				CLANG_WARN_DEPRECATED_OBJC_IMPLEMENTATIONS = YES;
				CLANG_WARN_DIRECT_OBJC_ISA_USAGE = YES_ERROR;
				CLANG_WARN_DOCUMENTATION_COMMENTS = YES;
				CLANG_WARN_EMPTY_BODY = YES;
				CLANG_WARN_ENUM_CONVERSION = YES;
				CLANG_WARN_INFINITE_RECURSION = YES;
				CLANG_WARN_INT_CONVERSION = YES;
				CLANG_WARN_NON_LITERAL_NULL_CONVERSION = YES;
				CLANG_WARN_OBJC_IMPLICIT_RETAIN_SELF = YES;
				CLANG_WARN_OBJC_LITERAL_CONVERSION = YES;
				CLANG_WARN_OBJC_ROOT_CLASS = YES_ERROR;
				CLANG_WARN_RANGE_LOOP_ANALYSIS = YES;
				CLANG_WARN_STRICT_PROTOTYPES = YES;
				CLANG_WARN_SUSPICIOUS_MOVE = YES;
				CLANG_WARN_UNGUARDED_AVAILABILITY = YES_AGGRESSIVE;
				CLANG_WARN_UNREACHABLE_CODE = YES;
				CLANG_WARN__DUPLICATE_METHOD_MATCH = YES;
				CODE_SIGN_IDENTITY = "iPhone Developer";
				COPY_PHASE_STRIP = NO;
				DEBUG_INFORMATION_FORMAT = "dwarf-with-dsym";
				ENABLE_NS_ASSERTIONS = NO;
				ENABLE_STRICT_OBJC_MSGSEND = YES;
				GCC_C_LANGUAGE_STANDARD = gnu11;
				GCC_NO_COMMON_BLOCKS = YES;
				GCC_WARN_64_TO_32_BIT_CONVERSION = YES;
				GCC_WARN_ABOUT_RETURN_TYPE = YES_ERROR;
				GCC_WARN_UNDECLARED_SELECTOR = YES;
				GCC_WARN_UNINITIALIZED_AUTOS = YES_AGGRESSIVE;
				GCC_WARN_UNUSED_FUNCTION = YES;
				GCC_WARN_UNUSED_VARIABLE = YES;
				IPHONEOS_DEPLOYMENT_TARGET = 12.0;
				MTL_ENABLE_DEBUG_INFO = NO;
				SDKROOT = iphoneos;
				SWIFT_COMPILATION_MODE = wholemodule;
				SWIFT_OPTIMIZATION_LEVEL = "-O";
				VALIDATE_PRODUCT = YES;
			};
			name = Release;
		};
		66FB907720DFA7DC003000F3 /* Debug */ = {
			isa = XCBuildConfiguration;
			buildSettings = {
				ASSETCATALOG_COMPILER_APPICON_NAME = AppIcon;
				CODE_SIGN_STYLE = Automatic;
				DEVELOPMENT_TEAM = 52W2H99QHH;
				HEADER_SEARCH_PATHS = "$(PROJECT_DIR)/../rust/include";
				INFOPLIST_FILE = RustPlayground/Resources/Info.plist;
				LD_RUNPATH_SEARCH_PATHS = (
					"$(inherited)",
					"@executable_path/Frameworks",
				);
				LIBRARY_SEARCH_PATHS = "$(PROJECT_DIR)/../rust/target/universal/debug";
				OTHER_LDFLAGS = "-lrust_playground";
				PRODUCT_BUNDLE_IDENTIFIER = com.skyapps.RustPlayground;
				PRODUCT_NAME = "$(TARGET_NAME)";
				SWIFT_OBJC_BRIDGING_HEADER = "RustPlayground/Resources/RustPlayground-Bridging-Header.h";
				SWIFT_VERSION = 4.2;
				TARGETED_DEVICE_FAMILY = "1,2";
			};
			name = Debug;
		};
		66FB907820DFA7DC003000F3 /* Release */ = {
			isa = XCBuildConfiguration;
			buildSettings = {
				ASSETCATALOG_COMPILER_APPICON_NAME = AppIcon;
				CODE_SIGN_STYLE = Automatic;
				DEVELOPMENT_TEAM = 52W2H99QHH;
				HEADER_SEARCH_PATHS = "$(PROJECT_DIR)/../rust/include";
				INFOPLIST_FILE = RustPlayground/Resources/Info.plist;
				LD_RUNPATH_SEARCH_PATHS = (
					"$(inherited)",
					"@executable_path/Frameworks",
				);
				LIBRARY_SEARCH_PATHS = "$(PROJECT_DIR)/../rust/target/universal/release";
				OTHER_LDFLAGS = "-lrust_playground";
				PRODUCT_BUNDLE_IDENTIFIER = com.skyapps.RustPlayground;
				PRODUCT_NAME = "$(TARGET_NAME)";
				SWIFT_OBJC_BRIDGING_HEADER = "RustPlayground/Resources/RustPlayground-Bridging-Header.h";
				SWIFT_VERSION = 4.2;
				TARGETED_DEVICE_FAMILY = "1,2";
			};
			name = Release;
		};
/* End XCBuildConfiguration section */

/* Begin XCConfigurationList section */
		66FB905F20DFA7DC003000F3 /* Build configuration list for PBXProject "RustPlayground" */ = {
			isa = XCConfigurationList;
			buildConfigurations = (
				66FB907420DFA7DC003000F3 /* Debug */,
				66FB907520DFA7DC003000F3 /* Release */,
			);
			defaultConfigurationIsVisible = 0;
			defaultConfigurationName = Release;
		};
		66FB907620DFA7DC003000F3 /* Build configuration list for PBXNativeTarget "RustPlayground" */ = {
			isa = XCConfigurationList;
			buildConfigurations = (
				66FB907720DFA7DC003000F3 /* Debug */,
				66FB907820DFA7DC003000F3 /* Release */,
			);
			defaultConfigurationIsVisible = 0;
			defaultConfigurationName = Release;
		};
/* End XCConfigurationList section */
	};
	rootObject = 66FB905C20DFA7DC003000F3 /* Project object */;
}
